{
  "projects": [
    {
      "projectId": "u2XJnZkm5rfYz7bU1tWa6h",
      "version": "latest",
      "dependencies": {},
      "lang": "ts",
      "fileLocks": [
        {
          "type": "globalVariant",
          "assetId": "Re-vvB6q5kPC",
          "checksum": "9f4504c75282ccb790993d6d53e1fb3c"
        },
        {
          "assetId": "u2XJnZkm5rfYz7bU1tWa6h",
          "type": "projectCss",
          "checksum": "843f2ce2c265663177c7577524b2bbe9"
        },
        {
          "type": "renderModule",
          "assetId": "gbDkqTPlkn5G",
          "checksum": "7ceda608265aabcd663a873614dfc75b"
        },
        {
          "type": "cssRules",
          "assetId": "gbDkqTPlkn5G",
          "checksum": "7ceda608265aabcd663a873614dfc75b"
        }
      ],
      "codegenVersion": "0.0.1"
    }
  ],
  "cliVersion": "0.1.334"
}
